
Microsoft Visual Studio Solution File, Format Version 12.00
# Visual Studio Version 17
VisualStudioVersion = 17.5.002.0
MinimumVisualStudioVersion = 10.0.40219.1
Project("{2150E333-8FDC-42A3-9474-1A3956D46DE8}") = "csharp-prep", "csharp-prep", "{0609B266-CD33-40E3-AD79-83C7522CA812}"
EndProject
Project("{9A19103F-16F7-4668-BE54-9A1E7A4F7556}") = "Prep1", "csharp-prep\Prep1\Prep1.csproj", "{285A308A-D849-481A-A8AE-FC19E806C7FD}"
EndProject
Project("{9A19103F-16F7-4668-BE54-9A1E7A4F7556}") = "Prep2", "csharp-prep\Prep2\Prep2.csproj", "{AF69F52C-1D78-45C2-A7FA-AF3E145B3802}"
EndProject
Project("{9A19103F-16F7-4668-BE54-9A1E7A4F7556}") = "Prep3", "csharp-prep\Prep3\Prep3.csproj", "{3BCEED24-9267-47FA-893B-119469D582B3}"
EndProject
Project("{9A19103F-16F7-4668-BE54-9A1E7A4F7556}") = "Prep4", "csharp-prep\Prep4\Prep4.csproj", "{348614D9-EDA6-4450-A5E3-69FF8515E4FF}"
EndProject
Project("{9A19103F-16F7-4668-BE54-9A1E7A4F7556}") = "Prep5", "csharp-prep\Prep5\Prep5.csproj", "{F8175438-7046-415D-8A61-12E3CEE6F7EC}"
EndProject
Project("{2150E333-8FDC-42A3-9474-1A3956D46DE8}") = "final", "final", "{0D0AEA16-DEB5-4418-A381-B1CB9C72D5F0}"
EndProject
Project("{9A19103F-16F7-4668-BE54-9A1E7A4F7556}") = "FinalProject", "final\FinalProject\FinalProject.csproj", "{70B6EE46-280E-47AE-A39C-B9614694A9A5}"
EndProject
Project("{9A19103F-16F7-4668-BE54-9A1E7A4F7556}") = "Foundation1", "final\Foundation1\Foundation1.csproj", "{48332D64-5974-4145-A1E7-05764FB8C0B9}"
EndProject
Project("{9A19103F-16F7-4668-BE54-9A1E7A4F7556}") = "Foundation2", "final\Foundation2\Foundation2.csproj", "{629D0602-98CD-4E4D-AE43-30F28FE53725}"
EndProject
Project("{9A19103F-16F7-4668-BE54-9A1E7A4F7556}") = "Foundation3", "final\Foundation3\Foundation3.csproj", "{8CA5EB15-C8C4-4AE6-8C9F-9594E6091759}"
EndProject
Project("{9A19103F-16F7-4668-BE54-9A1E7A4F7556}") = "Foundation4", "final\Foundation4\Foundation4.csproj", "{C744D8A4-B375-4F05-A5B3-C09C84FC78E6}"
EndProject
Project("{2150E333-8FDC-42A3-9474-1A3956D46DE8}") = "prepare", "prepare", "{04D03DB7-4F95-47F9-A37C-61E892679CA5}"
EndProject
Project("{9A19103F-16F7-4668-BE54-9A1E7A4F7556}") = "Learning02", "prepare\Learning02\Learning02.csproj", "{0138FC62-EFA2-4492-A0B7-F21F7A576B9D}"
EndProject
Project("{9A19103F-16F7-4668-BE54-9A1E7A4F7556}") = "Learning03", "prepare\Learning03\Learning03.csproj", "{B0C7EC02-D5EE-47D6-98F4-739611930A70}"
EndProject
Project("{9A19103F-16F7-4668-BE54-9A1E7A4F7556}") = "Learning04", "prepare\Learning04\Learning04.csproj", "{23F59300-C008-456F-B11C-0674988B7BD9}"
EndProject
Project("{9A19103F-16F7-4668-BE54-9A1E7A4F7556}") = "Learning05", "prepare\Learning05\Learning05.csproj", "{6EFABF37-99B5-4D01-B774-BA679339E32D}"
EndProject
Project("{2150E333-8FDC-42A3-9474-1A3956D46DE8}") = "prove", "prove", "{6B9B82ED-ECD7-4819-9E9F-C529480F0076}"
EndProject
Project("{9A19103F-16F7-4668-BE54-9A1E7A4F7556}") = "Develop02", "prove\Develop02\Develop02.csproj", "{91BCC25F-724F-4E30-8461-5D8C19C09695}"
EndProject
Project("{9A19103F-16F7-4668-BE54-9A1E7A4F7556}") = "Develop03", "prove\Develop03\Develop03.csproj", "{9AFFB440-D4C8-4EBD-81FC-C624887B7E41}"
EndProject
Project("{9A19103F-16F7-4668-BE54-9A1E7A4F7556}") = "Develop04", "prove\Develop04\Develop04.csproj", "{08A6FEDF-2816-435A-999E-4F9C11A791BD}"
EndProject
Project("{9A19103F-16F7-4668-BE54-9A1E7A4F7556}") = "Develop05", "prove\Develop05\Develop05.csproj", "{07EF1171-F754-4977-A94A-EA8E63FB5C97}"
EndProject
Project("{2150E333-8FDC-42A3-9474-1A3956D46DE8}") = "sandbox", "sandbox", "{0FFC38DA-3EB9-4CEF-9625-8F1BF39DCC6E}"
EndProject
Project("{9A19103F-16F7-4668-BE54-9A1E7A4F7556}") = "Sandbox", "sandbox\Sandbox\Sandbox.csproj", "{4CC0739B-3D1E-41EC-A920-F91B06A6BEE6}"
EndProject
Global
	GlobalSection(SolutionConfigurationPlatforms) = preSolution
		Debug|Any CPU = Debug|Any CPU
		Release|Any CPU = Release|Any CPU
	EndGlobalSection
	GlobalSection(ProjectConfigurationPlatforms) = postSolution
		{285A308A-D849-481A-A8AE-FC19E806C7FD}.Debug|Any CPU.ActiveCfg = Debug|Any CPU
		{285A308A-D849-481A-A8AE-FC19E806C7FD}.Debug|Any CPU.Build.0 = Debug|Any CPU
		{285A308A-D849-481A-A8AE-FC19E806C7FD}.Release|Any CPU.ActiveCfg = Release|Any CPU
		{285A308A-D849-481A-A8AE-FC19E806C7FD}.Release|Any CPU.Build.0 = Release|Any CPU
		{AF69F52C-1D78-45C2-A7FA-AF3E145B3802}.Debug|Any CPU.ActiveCfg = Debug|Any CPU
		{AF69F52C-1D78-45C2-A7FA-AF3E145B3802}.Debug|Any CPU.Build.0 = Debug|Any CPU
		{AF69F52C-1D78-45C2-A7FA-AF3E145B3802}.Release|Any CPU.ActiveCfg = Release|Any CPU
		{AF69F52C-1D78-45C2-A7FA-AF3E145B3802}.Release|Any CPU.Build.0 = Release|Any CPU
		{3BCEED24-9267-47FA-893B-119469D582B3}.Debug|Any CPU.ActiveCfg = Debug|Any CPU
		{3BCEED24-9267-47FA-893B-119469D582B3}.Debug|Any CPU.Build.0 = Debug|Any CPU
		{3BCEED24-9267-47FA-893B-119469D582B3}.Release|Any CPU.ActiveCfg = Release|Any CPU
		{3BCEED24-9267-47FA-893B-119469D582B3}.Release|Any CPU.Build.0 = Release|Any CPU
		{348614D9-EDA6-4450-A5E3-69FF8515E4FF}.Debug|Any CPU.ActiveCfg = Debug|Any CPU
		{348614D9-EDA6-4450-A5E3-69FF8515E4FF}.Debug|Any CPU.Build.0 = Debug|Any CPU
		{348614D9-EDA6-4450-A5E3-69FF8515E4FF}.Release|Any CPU.ActiveCfg = Release|Any CPU
		{348614D9-EDA6-4450-A5E3-69FF8515E4FF}.Release|Any CPU.Build.0 = Release|Any CPU
		{F8175438-7046-415D-8A61-12E3CEE6F7EC}.Debug|Any CPU.ActiveCfg = Debug|Any CPU
		{F8175438-7046-415D-8A61-12E3CEE6F7EC}.Debug|Any CPU.Build.0 = Debug|Any CPU
		{F8175438-7046-415D-8A61-12E3CEE6F7EC}.Release|Any CPU.ActiveCfg = Release|Any CPU
		{F8175438-7046-415D-8A61-12E3CEE6F7EC}.Release|Any CPU.Build.0 = Release|Any CPU
		{70B6EE46-280E-47AE-A39C-B9614694A9A5}.Debug|Any CPU.ActiveCfg = Debug|Any CPU
		{70B6EE46-280E-47AE-A39C-B9614694A9A5}.Debug|Any CPU.Build.0 = Debug|Any CPU
		{70B6EE46-280E-47AE-A39C-B9614694A9A5}.Release|Any CPU.ActiveCfg = Release|Any CPU
		{70B6EE46-280E-47AE-A39C-B9614694A9A5}.Release|Any CPU.Build.0 = Release|Any CPU
		{48332D64-5974-4145-A1E7-05764FB8C0B9}.Debug|Any CPU.ActiveCfg = Debug|Any CPU
		{48332D64-5974-4145-A1E7-05764FB8C0B9}.Debug|Any CPU.Build.0 = Debug|Any CPU
		{48332D64-5974-4145-A1E7-05764FB8C0B9}.Release|Any CPU.ActiveCfg = Release|Any CPU
		{48332D64-5974-4145-A1E7-05764FB8C0B9}.Release|Any CPU.Build.0 = Release|Any CPU
		{629D0602-98CD-4E4D-AE43-30F28FE53725}.Debug|Any CPU.ActiveCfg = Debug|Any CPU
		{629D0602-98CD-4E4D-AE43-30F28FE53725}.Debug|Any CPU.Build.0 = Debug|Any CPU
		{629D0602-98CD-4E4D-AE43-30F28FE53725}.Release|Any CPU.ActiveCfg = Release|Any CPU
		{629D0602-98CD-4E4D-AE43-30F28FE53725}.Release|Any CPU.Build.0 = Release|Any CPU
		{8CA5EB15-C8C4-4AE6-8C9F-9594E6091759}.Debug|Any CPU.ActiveCfg = Debug|Any CPU
		{8CA5EB15-C8C4-4AE6-8C9F-9594E6091759}.Debug|Any CPU.Build.0 = Debug|Any CPU
		{8CA5EB15-C8C4-4AE6-8C9F-9594E6091759}.Release|Any CPU.ActiveCfg = Release|Any CPU
		{8CA5EB15-C8C4-4AE6-8C9F-9594E6091759}.Release|Any CPU.Build.0 = Release|Any CPU
		{C744D8A4-B375-4F05-A5B3-C09C84FC78E6}.Debug|Any CPU.ActiveCfg = Debug|Any CPU
		{C744D8A4-B375-4F05-A5B3-C09C84FC78E6}.Debug|Any CPU.Build.0 = Debug|Any CPU
		{C744D8A4-B375-4F05-A5B3-C09C84FC78E6}.Release|Any CPU.ActiveCfg = Release|Any CPU
		{C744D8A4-B375-4F05-A5B3-C09C84FC78E6}.Release|Any CPU.Build.0 = Release|Any CPU
		{0138FC62-EFA2-4492-A0B7-F21F7A576B9D}.Debug|Any CPU.ActiveCfg = Debug|Any CPU
		{0138FC62-EFA2-4492-A0B7-F21F7A576B9D}.Debug|Any CPU.Build.0 = Debug|Any CPU
		{0138FC62-EFA2-4492-A0B7-F21F7A576B9D}.Release|Any CPU.ActiveCfg = Release|Any CPU
		{0138FC62-EFA2-4492-A0B7-F21F7A576B9D}.Release|Any CPU.Build.0 = Release|Any CPU
		{B0C7EC02-D5EE-47D6-98F4-739611930A70}.Debug|Any CPU.ActiveCfg = Debug|Any CPU
		{B0C7EC02-D5EE-47D6-98F4-739611930A70}.Debug|Any CPU.Build.0 = Debug|Any CPU
		{B0C7EC02-D5EE-47D6-98F4-739611930A70}.Release|Any CPU.ActiveCfg = Release|Any CPU
		{B0C7EC02-D5EE-47D6-98F4-739611930A70}.Release|Any CPU.Build.0 = Release|Any CPU
		{23F59300-C008-456F-B11C-0674988B7BD9}.Debug|Any CPU.ActiveCfg = Debug|Any CPU
		{23F59300-C008-456F-B11C-0674988B7BD9}.Debug|Any CPU.Build.0 = Debug|Any CPU
		{23F59300-C008-456F-B11C-0674988B7BD9}.Release|Any CPU.ActiveCfg = Release|Any CPU
		{23F59300-C008-456F-B11C-0674988B7BD9}.Release|Any CPU.Build.0 = Release|Any CPU
		{6EFABF37-99B5-4D01-B774-BA679339E32D}.Debug|Any CPU.ActiveCfg = Debug|Any CPU
		{6EFABF37-99B5-4D01-B774-BA679339E32D}.Debug|Any CPU.Build.0 = Debug|Any CPU
		{6EFABF37-99B5-4D01-B774-BA679339E32D}.Release|Any CPU.ActiveCfg = Release|Any CPU
		{6EFABF37-99B5-4D01-B774-BA679339E32D}.Release|Any CPU.Build.0 = Release|Any CPU
		{91BCC25F-724F-4E30-8461-5D8C19C09695}.Debug|Any CPU.ActiveCfg = Debug|Any CPU
		{91BCC25F-724F-4E30-8461-5D8C19C09695}.Debug|Any CPU.Build.0 = Debug|Any CPU
		{91BCC25F-724F-4E30-8461-5D8C19C09695}.Release|Any CPU.ActiveCfg = Release|Any CPU
		{91BCC25F-724F-4E30-8461-5D8C19C09695}.Release|Any CPU.Build.0 = Release|Any CPU
		{9AFFB440-D4C8-4EBD-81FC-C624887B7E41}.Debug|Any CPU.ActiveCfg = Debug|Any CPU
		{9AFFB440-D4C8-4EBD-81FC-C624887B7E41}.Debug|Any CPU.Build.0 = Debug|Any CPU
		{9AFFB440-D4C8-4EBD-81FC-C624887B7E41}.Release|Any CPU.ActiveCfg = Release|Any CPU
		{9AFFB440-D4C8-4EBD-81FC-C624887B7E41}.Release|Any CPU.Build.0 = Release|Any CPU
		{08A6FEDF-2816-435A-999E-4F9C11A791BD}.Debug|Any CPU.ActiveCfg = Debug|Any CPU
		{08A6FEDF-2816-435A-999E-4F9C11A791BD}.Debug|Any CPU.Build.0 = Debug|Any CPU
		{08A6FEDF-2816-435A-999E-4F9C11A791BD}.Release|Any CPU.ActiveCfg = Release|Any CPU
		{08A6FEDF-2816-435A-999E-4F9C11A791BD}.Release|Any CPU.Build.0 = Release|Any CPU
		{07EF1171-F754-4977-A94A-EA8E63FB5C97}.Debug|Any CPU.ActiveCfg = Debug|Any CPU
		{07EF1171-F754-4977-A94A-EA8E63FB5C97}.Debug|Any CPU.Build.0 = Debug|Any CPU
		{07EF1171-F754-4977-A94A-EA8E63FB5C97}.Release|Any CPU.ActiveCfg = Release|Any CPU
		{07EF1171-F754-4977-A94A-EA8E63FB5C97}.Release|Any CPU.Build.0 = Release|Any CPU
		{4CC0739B-3D1E-41EC-A920-F91B06A6BEE6}.Debug|Any CPU.ActiveCfg = Debug|Any CPU
		{4CC0739B-3D1E-41EC-A920-F91B06A6BEE6}.Debug|Any CPU.Build.0 = Debug|Any CPU
		{4CC0739B-3D1E-41EC-A920-F91B06A6BEE6}.Release|Any CPU.ActiveCfg = Release|Any CPU
		{4CC0739B-3D1E-41EC-A920-F91B06A6BEE6}.Release|Any CPU.Build.0 = Release|Any CPU
	EndGlobalSection
	GlobalSection(SolutionProperties) = preSolution
		HideSolutionNode = FALSE
	EndGlobalSection
	GlobalSection(NestedProjects) = preSolution
		{285A308A-D849-481A-A8AE-FC19E806C7FD} = {0609B266-CD33-40E3-AD79-83C7522CA812}
		{AF69F52C-1D78-45C2-A7FA-AF3E145B3802} = {0609B266-CD33-40E3-AD79-83C7522CA812}
		{3BCEED24-9267-47FA-893B-119469D582B3} = {0609B266-CD33-40E3-AD79-83C7522CA812}
		{348614D9-EDA6-4450-A5E3-69FF8515E4FF} = {0609B266-CD33-40E3-AD79-83C7522CA812}
		{F8175438-7046-415D-8A61-12E3CEE6F7EC} = {0609B266-CD33-40E3-AD79-83C7522CA812}
		{70B6EE46-280E-47AE-A39C-B9614694A9A5} = {0D0AEA16-DEB5-4418-A381-B1CB9C72D5F0}
		{48332D64-5974-4145-A1E7-05764FB8C0B9} = {0D0AEA16-DEB5-4418-A381-B1CB9C72D5F0}
		{629D0602-98CD-4E4D-AE43-30F28FE53725} = {0D0AEA16-DEB5-4418-A381-B1CB9C72D5F0}
		{8CA5EB15-C8C4-4AE6-8C9F-9594E6091759} = {0D0AEA16-DEB5-4418-A381-B1CB9C72D5F0}
		{C744D8A4-B375-4F05-A5B3-C09C84FC78E6} = {0D0AEA16-DEB5-4418-A381-B1CB9C72D5F0}
		{0138FC62-EFA2-4492-A0B7-F21F7A576B9D} = {04D03DB7-4F95-47F9-A37C-61E892679CA5}
		{B0C7EC02-D5EE-47D6-98F4-739611930A70} = {04D03DB7-4F95-47F9-A37C-61E892679CA5}
		{23F59300-C008-456F-B11C-0674988B7BD9} = {04D03DB7-4F95-47F9-A37C-61E892679CA5}
		{6EFABF37-99B5-4D01-B774-BA679339E32D} = {04D03DB7-4F95-47F9-A37C-61E892679CA5}
		{91BCC25F-724F-4E30-8461-5D8C19C09695} = {6B9B82ED-ECD7-4819-9E9F-C529480F0076}
		{9AFFB440-D4C8-4EBD-81FC-C624887B7E41} = {6B9B82ED-ECD7-4819-9E9F-C529480F0076}
		{08A6FEDF-2816-435A-999E-4F9C11A791BD} = {6B9B82ED-ECD7-4819-9E9F-C529480F0076}
		{07EF1171-F754-4977-A94A-EA8E63FB5C97} = {6B9B82ED-ECD7-4819-9E9F-C529480F0076}
		{4CC0739B-3D1E-41EC-A920-F91B06A6BEE6} = {0FFC38DA-3EB9-4CEF-9625-8F1BF39DCC6E}
	EndGlobalSection
	GlobalSection(ExtensibilityGlobals) = postSolution
		SolutionGuid = {B3870E25-6C14-4B9F-A22D-771B466ED59B}
	EndGlobalSection
EndGlobal
